
Microsoft Visual Studio Solution File, Format Version 12.00
# Visual Studio Version 17
VisualStudioVersion = 17.3.32922.545
MinimumVisualStudioVersion = 10.0.40219.1
Project("{FAE04EC0-301F-11D3-BF4B-00C04F79EFBC}") = "ScoreAPI", "ScoreAPI\ScoreAPI.csproj", "{87006EA0-701A-488F-B462-2E273B3ED46F}"
EndProject
Project("{2150E333-8FDC-42A3-9474-1A3956D46DE8}") = "BusinessLayer", "BusinessLayer", "{61AFBD92-44ED-4FC9-BBC4-6B909DA144BA}"
EndProject
Project("{2150E333-8FDC-42A3-9474-1A3956D46DE8}") = "Models", "Models", "{A83096ED-5EEC-4B0F-A13C-EC216433F576}"
EndProject
Project("{2150E333-8FDC-42A3-9474-1A3956D46DE8}") = "Controllers", "Controllers", "{F3BC2C91-3135-498A-AF09-D159459925ED}"
EndProject
Project("{2150E333-8FDC-42A3-9474-1A3956D46DE8}") = "src", "src", "{1EFF1D3F-00E3-481D-A2BE-F2784F9038C4}"
EndProject
Project("{2150E333-8FDC-42A3-9474-1A3956D46DE8}") = "test", "test", "{519DD8EB-4D63-4DC5-810B-8FAB4FBF9122}"
EndProject
Project("{2150E333-8FDC-42A3-9474-1A3956D46DE8}") = "Service", "Service", "{63538B4A-84DE-4C72-BADB-B2025FB297B9}"
EndProject
Project("{2150E333-8FDC-42A3-9474-1A3956D46DE8}") = "DataLayer", "DataLayer", "{7771B019-88AA-49A0-9514-6CDAB6C412C7}"
EndProject
Project("{FAE04EC0-301F-11D3-BF4B-00C04F79EFBC}") = "ScoreAPITest", "ScoreAPITest\ScoreAPITest.csproj", "{74C1FCBD-3401-4142-A6E0-7E7D6A977912}"
EndProject
Project("{FAE04EC0-301F-11D3-BF4B-00C04F79EFBC}") = "ScoreAPI.Controllers", "ScoreAPI.Controllers\ScoreAPI.Controllers.csproj", "{621CAA40-1EB7-44BA-A936-4739741C1D14}"
EndProject
Project("{FAE04EC0-301F-11D3-BF4B-00C04F79EFBC}") = "ScoreAPI.BusinessLayer", "ScoreAPI.BusinessLayer\ScoreAPI.BusinessLayer.csproj", "{199610C3-EA13-4B16-88EC-00A052D547B3}"
EndProject
Project("{FAE04EC0-301F-11D3-BF4B-00C04F79EFBC}") = "ScoreAPI.DataLayer", "ScoreAPI.DataLayer\ScoreAPI.DataLayer.csproj", "{F370BD4C-F442-46E1-89C2-FE295CCCD7EE}"
EndProject
Project("{FAE04EC0-301F-11D3-BF4B-00C04F79EFBC}") = "ScoreAPI.Models", "ScoreAPI.Models\ScoreAPI.Models.csproj", "{3524DCE2-EC98-4BE4-8C21-C05B9E3CBDAE}"
EndProject
Project("{2150E333-8FDC-42A3-9474-1A3956D46DE8}") = "Solution Items", "Solution Items", "{D1F6C268-2948-4200-98A2-B9E8A8C75944}"
EndProject
Global
	GlobalSection(SolutionConfigurationPlatforms) = preSolution
		Debug|Any CPU = Debug|Any CPU
		Release|Any CPU = Release|Any CPU
	EndGlobalSection
	GlobalSection(ProjectConfigurationPlatforms) = postSolution
		{87006EA0-701A-488F-B462-2E273B3ED46F}.Debug|Any CPU.ActiveCfg = Debug|Any CPU
		{87006EA0-701A-488F-B462-2E273B3ED46F}.Debug|Any CPU.Build.0 = Debug|Any CPU
		{87006EA0-701A-488F-B462-2E273B3ED46F}.Release|Any CPU.ActiveCfg = Release|Any CPU
		{87006EA0-701A-488F-B462-2E273B3ED46F}.Release|Any CPU.Build.0 = Release|Any CPU
		{74C1FCBD-3401-4142-A6E0-7E7D6A977912}.Debug|Any CPU.ActiveCfg = Debug|Any CPU
		{74C1FCBD-3401-4142-A6E0-7E7D6A977912}.Debug|Any CPU.Build.0 = Debug|Any CPU
		{74C1FCBD-3401-4142-A6E0-7E7D6A977912}.Release|Any CPU.ActiveCfg = Release|Any CPU
		{74C1FCBD-3401-4142-A6E0-7E7D6A977912}.Release|Any CPU.Build.0 = Release|Any CPU
		{621CAA40-1EB7-44BA-A936-4739741C1D14}.Debug|Any CPU.ActiveCfg = Debug|Any CPU
		{621CAA40-1EB7-44BA-A936-4739741C1D14}.Debug|Any CPU.Build.0 = Debug|Any CPU
		{621CAA40-1EB7-44BA-A936-4739741C1D14}.Release|Any CPU.ActiveCfg = Release|Any CPU
		{621CAA40-1EB7-44BA-A936-4739741C1D14}.Release|Any CPU.Build.0 = Release|Any CPU
		{199610C3-EA13-4B16-88EC-00A052D547B3}.Debug|Any CPU.ActiveCfg = Debug|Any CPU
		{199610C3-EA13-4B16-88EC-00A052D547B3}.Debug|Any CPU.Build.0 = Debug|Any CPU
		{199610C3-EA13-4B16-88EC-00A052D547B3}.Release|Any CPU.ActiveCfg = Release|Any CPU
		{199610C3-EA13-4B16-88EC-00A052D547B3}.Release|Any CPU.Build.0 = Release|Any CPU
		{F370BD4C-F442-46E1-89C2-FE295CCCD7EE}.Debug|Any CPU.ActiveCfg = Debug|Any CPU
		{F370BD4C-F442-46E1-89C2-FE295CCCD7EE}.Debug|Any CPU.Build.0 = Debug|Any CPU
		{F370BD4C-F442-46E1-89C2-FE295CCCD7EE}.Release|Any CPU.ActiveCfg = Release|Any CPU
		{F370BD4C-F442-46E1-89C2-FE295CCCD7EE}.Release|Any CPU.Build.0 = Release|Any CPU
		{3524DCE2-EC98-4BE4-8C21-C05B9E3CBDAE}.Debug|Any CPU.ActiveCfg = Debug|Any CPU
		{3524DCE2-EC98-4BE4-8C21-C05B9E3CBDAE}.Debug|Any CPU.Build.0 = Debug|Any CPU
		{3524DCE2-EC98-4BE4-8C21-C05B9E3CBDAE}.Release|Any CPU.ActiveCfg = Release|Any CPU
		{3524DCE2-EC98-4BE4-8C21-C05B9E3CBDAE}.Release|Any CPU.Build.0 = Release|Any CPU
	EndGlobalSection
	GlobalSection(SolutionProperties) = preSolution
		HideSolutionNode = FALSE
	EndGlobalSection
	GlobalSection(NestedProjects) = preSolution
		{87006EA0-701A-488F-B462-2E273B3ED46F} = {63538B4A-84DE-4C72-BADB-B2025FB297B9}
		{61AFBD92-44ED-4FC9-BBC4-6B909DA144BA} = {1EFF1D3F-00E3-481D-A2BE-F2784F9038C4}
		{A83096ED-5EEC-4B0F-A13C-EC216433F576} = {1EFF1D3F-00E3-481D-A2BE-F2784F9038C4}
		{F3BC2C91-3135-498A-AF09-D159459925ED} = {1EFF1D3F-00E3-481D-A2BE-F2784F9038C4}
		{63538B4A-84DE-4C72-BADB-B2025FB297B9} = {1EFF1D3F-00E3-481D-A2BE-F2784F9038C4}
		{7771B019-88AA-49A0-9514-6CDAB6C412C7} = {1EFF1D3F-00E3-481D-A2BE-F2784F9038C4}
		{74C1FCBD-3401-4142-A6E0-7E7D6A977912} = {519DD8EB-4D63-4DC5-810B-8FAB4FBF9122}
		{621CAA40-1EB7-44BA-A936-4739741C1D14} = {F3BC2C91-3135-498A-AF09-D159459925ED}
		{199610C3-EA13-4B16-88EC-00A052D547B3} = {61AFBD92-44ED-4FC9-BBC4-6B909DA144BA}
		{F370BD4C-F442-46E1-89C2-FE295CCCD7EE} = {7771B019-88AA-49A0-9514-6CDAB6C412C7}
		{3524DCE2-EC98-4BE4-8C21-C05B9E3CBDAE} = {A83096ED-5EEC-4B0F-A13C-EC216433F576}
	EndGlobalSection
	GlobalSection(ExtensibilityGlobals) = postSolution
		SolutionGuid = {9839FE34-FCF6-4297-89C9-6FDC7F8DB7C4}
	EndGlobalSection
EndGlobal
